
Microsoft Visual Studio Solution File, Format Version 12.00
# Visual Studio Version 17
VisualStudioVersion = 17.11.35312.102
MinimumVisualStudioVersion = 10.0.40219.1
Project("{9A19103F-16F7-4668-BE54-9A1E7A4F7556}") = "TimeLogger.API", "TimeLogger.API\TimeLogger.API.csproj", "{C883FD37-BBEE-4089-9784-500556F5F13C}"
EndProject
Project("{9A19103F-16F7-4668-BE54-9A1E7A4F7556}") = "TimeLogger.Application", "TimeLogger.Application\TimeLogger.Application.csproj", "{4127088B-4973-4C43-AD73-FC1B58159C23}"
EndProject
Project("{9A19103F-16F7-4668-BE54-9A1E7A4F7556}") = "TimeLogger.Domain", "TimeLogger.Domain\TimeLogger.Domain.csproj", "{A27D1E4F-435A-4514-AA1B-358C214B264B}"
EndProject
Project("{9A19103F-16F7-4668-BE54-9A1E7A4F7556}") = "TimeLogger.Infrastructure", "TimeLogger.Infrastructure\TimeLogger.Infrastructure.csproj", "{11CEA8F9-A213-4EA9-A580-37EB013E61FD}"
EndProject
Project("{FAE04EC0-301F-11D3-BF4B-00C04F79EFBC}") = "TimeLogger.Tests", "TimeLogger.Tests\TimeLogger.Tests.csproj", "{01D379C3-CFBF-4198-B51D-E591C021A026}"
EndProject
Global
	GlobalSection(SolutionConfigurationPlatforms) = preSolution
		Debug|Any CPU = Debug|Any CPU
		Release|Any CPU = Release|Any CPU
	EndGlobalSection
	GlobalSection(ProjectConfigurationPlatforms) = postSolution
		{C883FD37-BBEE-4089-9784-500556F5F13C}.Debug|Any CPU.ActiveCfg = Debug|Any CPU
		{C883FD37-BBEE-4089-9784-500556F5F13C}.Debug|Any CPU.Build.0 = Debug|Any CPU
		{C883FD37-BBEE-4089-9784-500556F5F13C}.Release|Any CPU.ActiveCfg = Release|Any CPU
		{C883FD37-BBEE-4089-9784-500556F5F13C}.Release|Any CPU.Build.0 = Release|Any CPU
		{4127088B-4973-4C43-AD73-FC1B58159C23}.Debug|Any CPU.ActiveCfg = Debug|Any CPU
		{4127088B-4973-4C43-AD73-FC1B58159C23}.Debug|Any CPU.Build.0 = Debug|Any CPU
		{4127088B-4973-4C43-AD73-FC1B58159C23}.Release|Any CPU.ActiveCfg = Release|Any CPU
		{4127088B-4973-4C43-AD73-FC1B58159C23}.Release|Any CPU.Build.0 = Release|Any CPU
		{A27D1E4F-435A-4514-AA1B-358C214B264B}.Debug|Any CPU.ActiveCfg = Debug|Any CPU
		{A27D1E4F-435A-4514-AA1B-358C214B264B}.Debug|Any CPU.Build.0 = Debug|Any CPU
		{A27D1E4F-435A-4514-AA1B-358C214B264B}.Release|Any CPU.ActiveCfg = Release|Any CPU
		{A27D1E4F-435A-4514-AA1B-358C214B264B}.Release|Any CPU.Build.0 = Release|Any CPU
		{11CEA8F9-A213-4EA9-A580-37EB013E61FD}.Debug|Any CPU.ActiveCfg = Debug|Any CPU
		{11CEA8F9-A213-4EA9-A580-37EB013E61FD}.Debug|Any CPU.Build.0 = Debug|Any CPU
		{11CEA8F9-A213-4EA9-A580-37EB013E61FD}.Release|Any CPU.ActiveCfg = Release|Any CPU
		{11CEA8F9-A213-4EA9-A580-37EB013E61FD}.Release|Any CPU.Build.0 = Release|Any CPU
		{01D379C3-CFBF-4198-B51D-E591C021A026}.Debug|Any CPU.ActiveCfg = Debug|Any CPU
		{01D379C3-CFBF-4198-B51D-E591C021A026}.Debug|Any CPU.Build.0 = Debug|Any CPU
		{01D379C3-CFBF-4198-B51D-E591C021A026}.Release|Any CPU.ActiveCfg = Release|Any CPU
		{01D379C3-CFBF-4198-B51D-E591C021A026}.Release|Any CPU.Build.0 = Release|Any CPU
	EndGlobalSection
	GlobalSection(SolutionProperties) = preSolution
		HideSolutionNode = FALSE
	EndGlobalSection
	GlobalSection(ExtensibilityGlobals) = postSolution
		SolutionGuid = {8B538349-246A-4854-BC8F-892373FB787B}
	EndGlobalSection
EndGlobal
